
Microsoft Visual Studio Solution File, Format Version 12.00
# Visual Studio Version 17
VisualStudioVersion = 17.10.34928.147
MinimumVisualStudioVersion = 10.0.40219.1
Project("{FAE04EC0-301F-11D3-BF4B-00C04F79EFBC}") = "Cafe-Management-System", "Cafe-Management-System\Cafe-Management-System.csproj", "{ACFAFF42-79C9-439B-82BF-F65AD3C966CB}"
EndProject
Global
	GlobalSection(SolutionConfigurationPlatforms) = preSolution
		Debug|Any CPU = Debug|Any CPU
		Release|Any CPU = Release|Any CPU
	EndGlobalSection
	GlobalSection(ProjectConfigurationPlatforms) = postSolution
		{ACFAFF42-79C9-439B-82BF-F65AD3C966CB}.Debug|Any CPU.ActiveCfg = Debug|Any CPU
		{ACFAFF42-79C9-439B-82BF-F65AD3C966CB}.Debug|Any CPU.Build.0 = Debug|Any CPU
		{ACFAFF42-79C9-439B-82BF-F65AD3C966CB}.Release|Any CPU.ActiveCfg = Release|Any CPU
		{ACFAFF42-79C9-439B-82BF-F65AD3C966CB}.Release|Any CPU.Build.0 = Release|Any CPU
	EndGlobalSection
	GlobalSection(SolutionProperties) = preSolution
		HideSolutionNode = FALSE
	EndGlobalSection
	GlobalSection(ExtensibilityGlobals) = postSolution
		SolutionGuid = {DF823A2B-61CA-4AA7-B956-D6BDCD52F58E}
	EndGlobalSection
EndGlobal
